
Microsoft Visual Studio Solution File, Format Version 12.00
# Visual Studio Version 16
VisualStudioVersion = 16.0.30330.147
MinimumVisualStudioVersion = 10.0.40219.1
Project("{FAE04EC0-301F-11D3-BF4B-00C04F79EFBC}") = "who.domain", "who.domain\who.domain.csproj", "{B35512D2-941C-4414-952B-C1216D7BC85D}"
EndProject
Project("{FAE04EC0-301F-11D3-BF4B-00C04F79EFBC}") = "who.api", "who.api\who.api.csproj", "{402D797E-604F-400D-B93B-735B7EE2FFAC}"
EndProject
Project("{FAE04EC0-301F-11D3-BF4B-00C04F79EFBC}") = "who.application", "who.application\who.application.csproj", "{8E6B611B-95F1-4567-A910-A689F55AAB6E}"
EndProject
Project("{FAE04EC0-301F-11D3-BF4B-00C04F79EFBC}") = "who.infrastructure", "who.infrastructure\who.infrastructure.csproj", "{F6E69B9E-94FB-4328-9B22-8DB8AC237B5A}"
EndProject
Global
	GlobalSection(SolutionConfigurationPlatforms) = preSolution
		Debug|Any CPU = Debug|Any CPU
		Release|Any CPU = Release|Any CPU
	EndGlobalSection
	GlobalSection(ProjectConfigurationPlatforms) = postSolution
		{B35512D2-941C-4414-952B-C1216D7BC85D}.Debug|Any CPU.ActiveCfg = Debug|Any CPU
		{B35512D2-941C-4414-952B-C1216D7BC85D}.Debug|Any CPU.Build.0 = Debug|Any CPU
		{B35512D2-941C-4414-952B-C1216D7BC85D}.Release|Any CPU.ActiveCfg = Release|Any CPU
		{B35512D2-941C-4414-952B-C1216D7BC85D}.Release|Any CPU.Build.0 = Release|Any CPU
		{402D797E-604F-400D-B93B-735B7EE2FFAC}.Debug|Any CPU.ActiveCfg = Debug|Any CPU
		{402D797E-604F-400D-B93B-735B7EE2FFAC}.Debug|Any CPU.Build.0 = Debug|Any CPU
		{402D797E-604F-400D-B93B-735B7EE2FFAC}.Release|Any CPU.ActiveCfg = Release|Any CPU
		{402D797E-604F-400D-B93B-735B7EE2FFAC}.Release|Any CPU.Build.0 = Release|Any CPU
		{8E6B611B-95F1-4567-A910-A689F55AAB6E}.Debug|Any CPU.ActiveCfg = Debug|Any CPU
		{8E6B611B-95F1-4567-A910-A689F55AAB6E}.Debug|Any CPU.Build.0 = Debug|Any CPU
		{8E6B611B-95F1-4567-A910-A689F55AAB6E}.Release|Any CPU.ActiveCfg = Release|Any CPU
		{8E6B611B-95F1-4567-A910-A689F55AAB6E}.Release|Any CPU.Build.0 = Release|Any CPU
		{F6E69B9E-94FB-4328-9B22-8DB8AC237B5A}.Debug|Any CPU.ActiveCfg = Debug|Any CPU
		{F6E69B9E-94FB-4328-9B22-8DB8AC237B5A}.Debug|Any CPU.Build.0 = Debug|Any CPU
		{F6E69B9E-94FB-4328-9B22-8DB8AC237B5A}.Release|Any CPU.ActiveCfg = Release|Any CPU
		{F6E69B9E-94FB-4328-9B22-8DB8AC237B5A}.Release|Any CPU.Build.0 = Release|Any CPU
	EndGlobalSection
	GlobalSection(SolutionProperties) = preSolution
		HideSolutionNode = FALSE
	EndGlobalSection
	GlobalSection(ExtensibilityGlobals) = postSolution
		SolutionGuid = {4FD0C787-BC0E-40C4-9E41-89DE7CA32246}
	EndGlobalSection
EndGlobal
